
Microsoft Visual Studio Solution File, Format Version 12.00
# Visual Studio Version 16
VisualStudioVersion = 16.0.29001.49
MinimumVisualStudioVersion = 10.0.40219.1
Project("{FAE04EC0-301F-11D3-BF4B-00C04F79EFBC}") = "MobApp.UWP", "MobApp\MobApp.UWP\MobApp.UWP.csproj", "{BE8BE42B-4907-4056-9515-5BECA15F2F14}"
EndProject
Project("{FAE04EC0-301F-11D3-BF4B-00C04F79EFBC}") = "MobApp.Android", "MobApp\MobApp.Android\MobApp.Android.csproj", "{ADC843DA-6546-4CA0-BCE2-E1E07A0B7905}"
EndProject
Project("{FAE04EC0-301F-11D3-BF4B-00C04F79EFBC}") = "MobApp.iOS", "MobApp\MobApp.iOS\MobApp.iOS.csproj", "{45EC51C5-EC66-4DD5-BC45-DDD2657FBCC5}"
EndProject
Project("{FAE04EC0-301F-11D3-BF4B-00C04F79EFBC}") = "MobApp", "MobApp\MobApp\MobApp.csproj", "{DF8616BA-0995-4482-B1F2-0D7B9CB0DE5A}"
EndProject
Global
	GlobalSection(SolutionConfigurationPlatforms) = preSolution
		Debug|Any CPU = Debug|Any CPU
		Debug|ARM = Debug|ARM
		Debug|iPhone = Debug|iPhone
		Debug|iPhoneSimulator = Debug|iPhoneSimulator
		Debug|x64 = Debug|x64
		Debug|x86 = Debug|x86
		Release|Any CPU = Release|Any CPU
		Release|ARM = Release|ARM
		Release|iPhone = Release|iPhone
		Release|iPhoneSimulator = Release|iPhoneSimulator
		Release|x64 = Release|x64
		Release|x86 = Release|x86
	EndGlobalSection
	GlobalSection(ProjectConfigurationPlatforms) = postSolution
		{BE8BE42B-4907-4056-9515-5BECA15F2F14}.Debug|Any CPU.ActiveCfg = Debug|x86
		{BE8BE42B-4907-4056-9515-5BECA15F2F14}.Debug|Any CPU.Build.0 = Debug|x86
		{BE8BE42B-4907-4056-9515-5BECA15F2F14}.Debug|Any CPU.Deploy.0 = Debug|x86
		{BE8BE42B-4907-4056-9515-5BECA15F2F14}.Debug|ARM.ActiveCfg = Debug|ARM
		{BE8BE42B-4907-4056-9515-5BECA15F2F14}.Debug|ARM.Build.0 = Debug|ARM
		{BE8BE42B-4907-4056-9515-5BECA15F2F14}.Debug|ARM.Deploy.0 = Debug|ARM
		{BE8BE42B-4907-4056-9515-5BECA15F2F14}.Debug|iPhone.ActiveCfg = Debug|x86
		{BE8BE42B-4907-4056-9515-5BECA15F2F14}.Debug|iPhone.Build.0 = Debug|x86
		{BE8BE42B-4907-4056-9515-5BECA15F2F14}.Debug|iPhone.Deploy.0 = Debug|x86
		{BE8BE42B-4907-4056-9515-5BECA15F2F14}.Debug|iPhoneSimulator.ActiveCfg = Debug|x86
		{BE8BE42B-4907-4056-9515-5BECA15F2F14}.Debug|iPhoneSimulator.Build.0 = Debug|x86
		{BE8BE42B-4907-4056-9515-5BECA15F2F14}.Debug|iPhoneSimulator.Deploy.0 = Debug|x86
		{BE8BE42B-4907-4056-9515-5BECA15F2F14}.Debug|x64.ActiveCfg = Debug|x64
		{BE8BE42B-4907-4056-9515-5BECA15F2F14}.Debug|x64.Build.0 = Debug|x64
		{BE8BE42B-4907-4056-9515-5BECA15F2F14}.Debug|x64.Deploy.0 = Debug|x64
		{BE8BE42B-4907-4056-9515-5BECA15F2F14}.Debug|x86.ActiveCfg = Debug|x86
		{BE8BE42B-4907-4056-9515-5BECA15F2F14}.Debug|x86.Build.0 = Debug|x86
		{BE8BE42B-4907-4056-9515-5BECA15F2F14}.Debug|x86.Deploy.0 = Debug|x86
		{BE8BE42B-4907-4056-9515-5BECA15F2F14}.Release|Any CPU.ActiveCfg = Release|x86
		{BE8BE42B-4907-4056-9515-5BECA15F2F14}.Release|Any CPU.Build.0 = Release|x86
		{BE8BE42B-4907-4056-9515-5BECA15F2F14}.Release|Any CPU.Deploy.0 = Release|x86
		{BE8BE42B-4907-4056-9515-5BECA15F2F14}.Release|ARM.ActiveCfg = Release|ARM
		{BE8BE42B-4907-4056-9515-5BECA15F2F14}.Release|ARM.Build.0 = Release|ARM
		{BE8BE42B-4907-4056-9515-5BECA15F2F14}.Release|ARM.Deploy.0 = Release|ARM
		{BE8BE42B-4907-4056-9515-5BECA15F2F14}.Release|iPhone.ActiveCfg = Release|x86
		{BE8BE42B-4907-4056-9515-5BECA15F2F14}.Release|iPhone.Build.0 = Release|x86
		{BE8BE42B-4907-4056-9515-5BECA15F2F14}.Release|iPhone.Deploy.0 = Release|x86
		{BE8BE42B-4907-4056-9515-5BECA15F2F14}.Release|iPhoneSimulator.ActiveCfg = Release|x86
		{BE8BE42B-4907-4056-9515-5BECA15F2F14}.Release|iPhoneSimulator.Build.0 = Release|x86
		{BE8BE42B-4907-4056-9515-5BECA15F2F14}.Release|iPhoneSimulator.Deploy.0 = Release|x86
		{BE8BE42B-4907-4056-9515-5BECA15F2F14}.Release|x64.ActiveCfg = Release|x64
		{BE8BE42B-4907-4056-9515-5BECA15F2F14}.Release|x64.Build.0 = Release|x64
		{BE8BE42B-4907-4056-9515-5BECA15F2F14}.Release|x64.Deploy.0 = Release|x64
		{BE8BE42B-4907-4056-9515-5BECA15F2F14}.Release|x86.ActiveCfg = Release|x86
		{BE8BE42B-4907-4056-9515-5BECA15F2F14}.Release|x86.Build.0 = Release|x86
		{BE8BE42B-4907-4056-9515-5BECA15F2F14}.Release|x86.Deploy.0 = Release|x86
		{ADC843DA-6546-4CA0-BCE2-E1E07A0B7905}.Debug|Any CPU.ActiveCfg = Debug|Any CPU
		{ADC843DA-6546-4CA0-BCE2-E1E07A0B7905}.Debug|Any CPU.Build.0 = Debug|Any CPU
		{ADC843DA-6546-4CA0-BCE2-E1E07A0B7905}.Debug|Any CPU.Deploy.0 = Debug|Any CPU
		{ADC843DA-6546-4CA0-BCE2-E1E07A0B7905}.Debug|ARM.ActiveCfg = Debug|Any CPU
		{ADC843DA-6546-4CA0-BCE2-E1E07A0B7905}.Debug|ARM.Build.0 = Debug|Any CPU
		{ADC843DA-6546-4CA0-BCE2-E1E07A0B7905}.Debug|ARM.Deploy.0 = Debug|Any CPU
		{ADC843DA-6546-4CA0-BCE2-E1E07A0B7905}.Debug|iPhone.ActiveCfg = Debug|Any CPU
		{ADC843DA-6546-4CA0-BCE2-E1E07A0B7905}.Debug|iPhone.Build.0 = Debug|Any CPU
		{ADC843DA-6546-4CA0-BCE2-E1E07A0B7905}.Debug|iPhone.Deploy.0 = Debug|Any CPU
		{ADC843DA-6546-4CA0-BCE2-E1E07A0B7905}.Debug|iPhoneSimulator.ActiveCfg = Debug|Any CPU
		{ADC843DA-6546-4CA0-BCE2-E1E07A0B7905}.Debug|iPhoneSimulator.Build.0 = Debug|Any CPU
		{ADC843DA-6546-4CA0-BCE2-E1E07A0B7905}.Debug|iPhoneSimulator.Deploy.0 = Debug|Any CPU
		{ADC843DA-6546-4CA0-BCE2-E1E07A0B7905}.Debug|x64.ActiveCfg = Debug|Any CPU
		{ADC843DA-6546-4CA0-BCE2-E1E07A0B7905}.Debug|x64.Build.0 = Debug|Any CPU
		{ADC843DA-6546-4CA0-BCE2-E1E07A0B7905}.Debug|x64.Deploy.0 = Debug|Any CPU
		{ADC843DA-6546-4CA0-BCE2-E1E07A0B7905}.Debug|x86.ActiveCfg = Debug|Any CPU
		{ADC843DA-6546-4CA0-BCE2-E1E07A0B7905}.Debug|x86.Build.0 = Debug|Any CPU
		{ADC843DA-6546-4CA0-BCE2-E1E07A0B7905}.Debug|x86.Deploy.0 = Debug|Any CPU
		{ADC843DA-6546-4CA0-BCE2-E1E07A0B7905}.Release|Any CPU.ActiveCfg = Release|Any CPU
		{ADC843DA-6546-4CA0-BCE2-E1E07A0B7905}.Release|Any CPU.Build.0 = Release|Any CPU
		{ADC843DA-6546-4CA0-BCE2-E1E07A0B7905}.Release|Any CPU.Deploy.0 = Release|Any CPU
		{ADC843DA-6546-4CA0-BCE2-E1E07A0B7905}.Release|ARM.ActiveCfg = Release|Any CPU
		{ADC843DA-6546-4CA0-BCE2-E1E07A0B7905}.Release|ARM.Build.0 = Release|Any CPU
		{ADC843DA-6546-4CA0-BCE2-E1E07A0B7905}.Release|ARM.Deploy.0 = Release|Any CPU
		{ADC843DA-6546-4CA0-BCE2-E1E07A0B7905}.Release|iPhone.ActiveCfg = Release|Any CPU
		{ADC843DA-6546-4CA0-BCE2-E1E07A0B7905}.Release|iPhone.Build.0 = Release|Any CPU
		{ADC843DA-6546-4CA0-BCE2-E1E07A0B7905}.Release|iPhone.Deploy.0 = Release|Any CPU
		{ADC843DA-6546-4CA0-BCE2-E1E07A0B7905}.Release|iPhoneSimulator.ActiveCfg = Release|Any CPU
		{ADC843DA-6546-4CA0-BCE2-E1E07A0B7905}.Release|iPhoneSimulator.Build.0 = Release|Any CPU
		{ADC843DA-6546-4CA0-BCE2-E1E07A0B7905}.Release|iPhoneSimulator.Deploy.0 = Release|Any CPU
		{ADC843DA-6546-4CA0-BCE2-E1E07A0B7905}.Release|x64.ActiveCfg = Release|Any CPU
		{ADC843DA-6546-4CA0-BCE2-E1E07A0B7905}.Release|x64.Build.0 = Release|Any CPU
		{ADC843DA-6546-4CA0-BCE2-E1E07A0B7905}.Release|x64.Deploy.0 = Release|Any CPU
		{ADC843DA-6546-4CA0-BCE2-E1E07A0B7905}.Release|x86.ActiveCfg = Release|Any CPU
		{ADC843DA-6546-4CA0-BCE2-E1E07A0B7905}.Release|x86.Build.0 = Release|Any CPU
		{ADC843DA-6546-4CA0-BCE2-E1E07A0B7905}.Release|x86.Deploy.0 = Release|Any CPU
		{45EC51C5-EC66-4DD5-BC45-DDD2657FBCC5}.Debug|Any CPU.ActiveCfg = Debug|iPhone
		{45EC51C5-EC66-4DD5-BC45-DDD2657FBCC5}.Debug|Any CPU.Build.0 = Debug|iPhone
		{45EC51C5-EC66-4DD5-BC45-DDD2657FBCC5}.Debug|Any CPU.Deploy.0 = Debug|iPhone
		{45EC51C5-EC66-4DD5-BC45-DDD2657FBCC5}.Debug|ARM.ActiveCfg = Debug|iPhoneSimulator
		{45EC51C5-EC66-4DD5-BC45-DDD2657FBCC5}.Debug|ARM.Build.0 = Debug|iPhoneSimulator
		{45EC51C5-EC66-4DD5-BC45-DDD2657FBCC5}.Debug|ARM.Deploy.0 = Debug|iPhoneSimulator
		{45EC51C5-EC66-4DD5-BC45-DDD2657FBCC5}.Debug|iPhone.ActiveCfg = Debug|iPhone
		{45EC51C5-EC66-4DD5-BC45-DDD2657FBCC5}.Debug|iPhone.Build.0 = Debug|iPhone
		{45EC51C5-EC66-4DD5-BC45-DDD2657FBCC5}.Debug|iPhone.Deploy.0 = Debug|iPhone
		{45EC51C5-EC66-4DD5-BC45-DDD2657FBCC5}.Debug|iPhoneSimulator.ActiveCfg = Debug|iPhoneSimulator
		{45EC51C5-EC66-4DD5-BC45-DDD2657FBCC5}.Debug|iPhoneSimulator.Build.0 = Debug|iPhoneSimulator
		{45EC51C5-EC66-4DD5-BC45-DDD2657FBCC5}.Debug|iPhoneSimulator.Deploy.0 = Debug|iPhoneSimulator
		{45EC51C5-EC66-4DD5-BC45-DDD2657FBCC5}.Debug|x64.ActiveCfg = Debug|iPhone
		{45EC51C5-EC66-4DD5-BC45-DDD2657FBCC5}.Debug|x64.Build.0 = Debug|iPhone
		{45EC51C5-EC66-4DD5-BC45-DDD2657FBCC5}.Debug|x64.Deploy.0 = Debug|iPhone
		{45EC51C5-EC66-4DD5-BC45-DDD2657FBCC5}.Debug|x86.ActiveCfg = Debug|iPhone
		{45EC51C5-EC66-4DD5-BC45-DDD2657FBCC5}.Debug|x86.Build.0 = Debug|iPhone
		{45EC51C5-EC66-4DD5-BC45-DDD2657FBCC5}.Debug|x86.Deploy.0 = Debug|iPhone
		{45EC51C5-EC66-4DD5-BC45-DDD2657FBCC5}.Release|Any CPU.ActiveCfg = Release|iPhone
		{45EC51C5-EC66-4DD5-BC45-DDD2657FBCC5}.Release|Any CPU.Build.0 = Release|iPhone
		{45EC51C5-EC66-4DD5-BC45-DDD2657FBCC5}.Release|Any CPU.Deploy.0 = Release|iPhone
		{45EC51C5-EC66-4DD5-BC45-DDD2657FBCC5}.Release|ARM.ActiveCfg = Release|iPhone
		{45EC51C5-EC66-4DD5-BC45-DDD2657FBCC5}.Release|ARM.Build.0 = Release|iPhone
		{45EC51C5-EC66-4DD5-BC45-DDD2657FBCC5}.Release|ARM.Deploy.0 = Release|iPhone
		{45EC51C5-EC66-4DD5-BC45-DDD2657FBCC5}.Release|iPhone.ActiveCfg = Release|iPhone
		{45EC51C5-EC66-4DD5-BC45-DDD2657FBCC5}.Release|iPhone.Build.0 = Release|iPhone
		{45EC51C5-EC66-4DD5-BC45-DDD2657FBCC5}.Release|iPhone.Deploy.0 = Release|iPhone
		{45EC51C5-EC66-4DD5-BC45-DDD2657FBCC5}.Release|iPhoneSimulator.ActiveCfg = Release|iPhoneSimulator
		{45EC51C5-EC66-4DD5-BC45-DDD2657FBCC5}.Release|iPhoneSimulator.Build.0 = Release|iPhoneSimulator
		{45EC51C5-EC66-4DD5-BC45-DDD2657FBCC5}.Release|iPhoneSimulator.Deploy.0 = Release|iPhoneSimulator
		{45EC51C5-EC66-4DD5-BC45-DDD2657FBCC5}.Release|x64.ActiveCfg = Release|iPhone
		{45EC51C5-EC66-4DD5-BC45-DDD2657FBCC5}.Release|x64.Build.0 = Release|iPhone
		{45EC51C5-EC66-4DD5-BC45-DDD2657FBCC5}.Release|x64.Deploy.0 = Release|iPhone
		{45EC51C5-EC66-4DD5-BC45-DDD2657FBCC5}.Release|x86.ActiveCfg = Release|iPhone
		{45EC51C5-EC66-4DD5-BC45-DDD2657FBCC5}.Release|x86.Build.0 = Release|iPhone
		{45EC51C5-EC66-4DD5-BC45-DDD2657FBCC5}.Release|x86.Deploy.0 = Release|iPhone
		{DF8616BA-0995-4482-B1F2-0D7B9CB0DE5A}.Debug|Any CPU.ActiveCfg = Debug|Any CPU
		{DF8616BA-0995-4482-B1F2-0D7B9CB0DE5A}.Debug|Any CPU.Build.0 = Debug|Any CPU
		{DF8616BA-0995-4482-B1F2-0D7B9CB0DE5A}.Debug|Any CPU.Deploy.0 = Debug|Any CPU
		{DF8616BA-0995-4482-B1F2-0D7B9CB0DE5A}.Debug|ARM.ActiveCfg = Debug|Any CPU
		{DF8616BA-0995-4482-B1F2-0D7B9CB0DE5A}.Debug|ARM.Build.0 = Debug|Any CPU
		{DF8616BA-0995-4482-B1F2-0D7B9CB0DE5A}.Debug|ARM.Deploy.0 = Debug|Any CPU
		{DF8616BA-0995-4482-B1F2-0D7B9CB0DE5A}.Debug|iPhone.ActiveCfg = Debug|Any CPU
		{DF8616BA-0995-4482-B1F2-0D7B9CB0DE5A}.Debug|iPhone.Build.0 = Debug|Any CPU
		{DF8616BA-0995-4482-B1F2-0D7B9CB0DE5A}.Debug|iPhone.Deploy.0 = Debug|Any CPU
		{DF8616BA-0995-4482-B1F2-0D7B9CB0DE5A}.Debug|iPhoneSimulator.ActiveCfg = Debug|Any CPU
		{DF8616BA-0995-4482-B1F2-0D7B9CB0DE5A}.Debug|iPhoneSimulator.Build.0 = Debug|Any CPU
		{DF8616BA-0995-4482-B1F2-0D7B9CB0DE5A}.Debug|iPhoneSimulator.Deploy.0 = Debug|Any CPU
		{DF8616BA-0995-4482-B1F2-0D7B9CB0DE5A}.Debug|x64.ActiveCfg = Debug|Any CPU
		{DF8616BA-0995-4482-B1F2-0D7B9CB0DE5A}.Debug|x64.Build.0 = Debug|Any CPU
		{DF8616BA-0995-4482-B1F2-0D7B9CB0DE5A}.Debug|x64.Deploy.0 = Debug|Any CPU
		{DF8616BA-0995-4482-B1F2-0D7B9CB0DE5A}.Debug|x86.ActiveCfg = Debug|Any CPU
		{DF8616BA-0995-4482-B1F2-0D7B9CB0DE5A}.Debug|x86.Build.0 = Debug|Any CPU
		{DF8616BA-0995-4482-B1F2-0D7B9CB0DE5A}.Debug|x86.Deploy.0 = Debug|Any CPU
		{DF8616BA-0995-4482-B1F2-0D7B9CB0DE5A}.Release|Any CPU.ActiveCfg = Release|Any CPU
		{DF8616BA-0995-4482-B1F2-0D7B9CB0DE5A}.Release|Any CPU.Build.0 = Release|Any CPU
		{DF8616BA-0995-4482-B1F2-0D7B9CB0DE5A}.Release|Any CPU.Deploy.0 = Release|Any CPU
		{DF8616BA-0995-4482-B1F2-0D7B9CB0DE5A}.Release|ARM.ActiveCfg = Release|Any CPU
		{DF8616BA-0995-4482-B1F2-0D7B9CB0DE5A}.Release|ARM.Build.0 = Release|Any CPU
		{DF8616BA-0995-4482-B1F2-0D7B9CB0DE5A}.Release|ARM.Deploy.0 = Release|Any CPU
		{DF8616BA-0995-4482-B1F2-0D7B9CB0DE5A}.Release|iPhone.ActiveCfg = Release|Any CPU
		{DF8616BA-0995-4482-B1F2-0D7B9CB0DE5A}.Release|iPhone.Build.0 = Release|Any CPU
		{DF8616BA-0995-4482-B1F2-0D7B9CB0DE5A}.Release|iPhone.Deploy.0 = Release|Any CPU
		{DF8616BA-0995-4482-B1F2-0D7B9CB0DE5A}.Release|iPhoneSimulator.ActiveCfg = Release|Any CPU
		{DF8616BA-0995-4482-B1F2-0D7B9CB0DE5A}.Release|iPhoneSimulator.Build.0 = Release|Any CPU
		{DF8616BA-0995-4482-B1F2-0D7B9CB0DE5A}.Release|iPhoneSimulator.Deploy.0 = Release|Any CPU
		{DF8616BA-0995-4482-B1F2-0D7B9CB0DE5A}.Release|x64.ActiveCfg = Release|Any CPU
		{DF8616BA-0995-4482-B1F2-0D7B9CB0DE5A}.Release|x64.Build.0 = Release|Any CPU
		{DF8616BA-0995-4482-B1F2-0D7B9CB0DE5A}.Release|x64.Deploy.0 = Release|Any CPU
		{DF8616BA-0995-4482-B1F2-0D7B9CB0DE5A}.Release|x86.ActiveCfg = Release|Any CPU
		{DF8616BA-0995-4482-B1F2-0D7B9CB0DE5A}.Release|x86.Build.0 = Release|Any CPU
		{DF8616BA-0995-4482-B1F2-0D7B9CB0DE5A}.Release|x86.Deploy.0 = Release|Any CPU
	EndGlobalSection
	GlobalSection(SolutionProperties) = preSolution
		HideSolutionNode = FALSE
	EndGlobalSection
	GlobalSection(ExtensibilityGlobals) = postSolution
		SolutionGuid = {235678E1-5369-4BA2-A935-D2F670747F4E}
	EndGlobalSection
EndGlobal
